
Microsoft Visual Studio Solution File, Format Version 12.00
# Visual Studio 14
VisualStudioVersion = 14.0.23107.0
MinimumVisualStudioVersion = 10.0.40219.1
Project("{FAE04EC0-301F-11D3-BF4B-00C04F79EFBC}") = "StonehageSamples", "StonehageSamples\StonehageSamples.csproj", "{3A54AB01-B553-4119-9217-BAB2F451114F}"
EndProject
Project("{FAE04EC0-301F-11D3-BF4B-00C04F79EFBC}") = "StonehageSamples.Tests", "SampleTests\StonehageSamples.Tests.csproj", "{5E7FFA05-5273-4D04-ADDE-800F2A0545CE}"
EndProject
Global
	GlobalSection(SolutionConfigurationPlatforms) = preSolution
		Debug|Any CPU = Debug|Any CPU
		Release|Any CPU = Release|Any CPU
	EndGlobalSection
	GlobalSection(ProjectConfigurationPlatforms) = postSolution
		{3A54AB01-B553-4119-9217-BAB2F451114F}.Debug|Any CPU.ActiveCfg = Debug|Any CPU
		{3A54AB01-B553-4119-9217-BAB2F451114F}.Debug|Any CPU.Build.0 = Debug|Any CPU
		{3A54AB01-B553-4119-9217-BAB2F451114F}.Release|Any CPU.ActiveCfg = Release|Any CPU
		{3A54AB01-B553-4119-9217-BAB2F451114F}.Release|Any CPU.Build.0 = Release|Any CPU
		{5E7FFA05-5273-4D04-ADDE-800F2A0545CE}.Debug|Any CPU.ActiveCfg = Debug|Any CPU
		{5E7FFA05-5273-4D04-ADDE-800F2A0545CE}.Debug|Any CPU.Build.0 = Debug|Any CPU
		{5E7FFA05-5273-4D04-ADDE-800F2A0545CE}.Release|Any CPU.ActiveCfg = Release|Any CPU
		{5E7FFA05-5273-4D04-ADDE-800F2A0545CE}.Release|Any CPU.Build.0 = Release|Any CPU
	EndGlobalSection
	GlobalSection(SolutionProperties) = preSolution
		HideSolutionNode = FALSE
	EndGlobalSection
EndGlobal
